Microsoft Visual Studio Solution File, Format Version 12.00
# Visual Studio 2013
Project("{8BC9CEB8-8B4A-11D0-8D11-00A0C91BC942}") = "ALL_BUILD", "ALL_BUILD.vcxproj", "{1EF03ED4-CD3F-4CF1-AA67-61725F866CC3}"
	ProjectSection(ProjectDependencies) = postProject
		{9A5F2EF6-97A4-4FD7-9F91-2EAB001EC1FC} = {9A5F2EF6-97A4-4FD7-9F91-2EAB001EC1FC}
		{1C801E10-85DC-466D-9F26-8066E4CBEB48} = {1C801E10-85DC-466D-9F26-8066E4CBEB48}
		{C06BB786-663F-4B4D-864A-093C4C89E2FF} = {C06BB786-663F-4B4D-864A-093C4C89E2FF}
	EndProjectSection
EndProject
Project("{8BC9CEB8-8B4A-11D0-8D11-00A0C91BC942}") = "AutoEditor2", "AutoEditor2.vcxproj", "{9A5F2EF6-97A4-4FD7-9F91-2EAB001EC1FC}"
	ProjectSection(ProjectDependencies) = postProject
		{10A3B0E4-4686-4C78-ACBB-DAC8E7FAEAF1} = {10A3B0E4-4686-4C78-ACBB-DAC8E7FAEAF1}
		{4EC12F5E-C8CE-4C58-89C8-A0C440FD9C4B} = {4EC12F5E-C8CE-4C58-89C8-A0C440FD9C4B}
		{ED5E2005-9692-4DF7-AE19-369F9A84A434} = {ED5E2005-9692-4DF7-AE19-369F9A84A434}
		{B12AFBC1-A268-4702-8EB1-9C2BEE53AE84} = {B12AFBC1-A268-4702-8EB1-9C2BEE53AE84}
	EndProjectSection
EndProject
Project("{8BC9CEB8-8B4A-11D0-8D11-00A0C91BC942}") = "INSTALL", "INSTALL.vcxproj", "{07B5B3D7-2372-43FD-8FA0-F1686A6EBBAE}"
	ProjectSection(ProjectDependencies) = postProject
		{1EF03ED4-CD3F-4CF1-AA67-61725F866CC3} = {1EF03ED4-CD3F-4CF1-AA67-61725F866CC3}
	EndProjectSection
EndProject
Project("{8BC9CEB8-8B4A-11D0-8D11-00A0C91BC942}") = "MetaLibraryLib", "..\MetaInterfaceLib\MetaLibraryLib.vcxproj", "{10A3B0E4-4686-4C78-ACBB-DAC8E7FAEAF1}"
	ProjectSection(ProjectDependencies) = postProject
		{ED5E2005-9692-4DF7-AE19-369F9A84A434} = {ED5E2005-9692-4DF7-AE19-369F9A84A434}
	EndProjectSection
EndProject
Project("{8BC9CEB8-8B4A-11D0-8D11-00A0C91BC942}") = "MetaQQuickLibraryLib", "..\MetaQQuickInterfaceLib\MetaQQuickLibraryLib.vcxproj", "{4EC12F5E-C8CE-4C58-89C8-A0C440FD9C4B}"
	ProjectSection(ProjectDependencies) = postProject
		{10A3B0E4-4686-4C78-ACBB-DAC8E7FAEAF1} = {10A3B0E4-4686-4C78-ACBB-DAC8E7FAEAF1}
		{ED5E2005-9692-4DF7-AE19-369F9A84A434} = {ED5E2005-9692-4DF7-AE19-369F9A84A434}
	EndProjectSection
EndProject
Project("{8BC9CEB8-8B4A-11D0-8D11-00A0C91BC942}") = "Module_osg_MetaLibrary", "src\CPPContextModules\osg\Module_osg_MetaLibrary.vcxproj", "{1C801E10-85DC-466D-9F26-8066E4CBEB48}"
	ProjectSection(ProjectDependencies) = postProject
		{10A3B0E4-4686-4C78-ACBB-DAC8E7FAEAF1} = {10A3B0E4-4686-4C78-ACBB-DAC8E7FAEAF1}
		{ED5E2005-9692-4DF7-AE19-369F9A84A434} = {ED5E2005-9692-4DF7-AE19-369F9A84A434}
	EndProjectSection
EndProject
Project("{8BC9CEB8-8B4A-11D0-8D11-00A0C91BC942}") = "Module_osg_QQuickLibrary", "src\UIEditorModules\osg\Module_osg_QQuickLibrary.vcxproj", "{C06BB786-663F-4B4D-864A-093C4C89E2FF}"
	ProjectSection(ProjectDependencies) = postProject
		{10A3B0E4-4686-4C78-ACBB-DAC8E7FAEAF1} = {10A3B0E4-4686-4C78-ACBB-DAC8E7FAEAF1}
		{4EC12F5E-C8CE-4C58-89C8-A0C440FD9C4B} = {4EC12F5E-C8CE-4C58-89C8-A0C440FD9C4B}
		{ED5E2005-9692-4DF7-AE19-369F9A84A434} = {ED5E2005-9692-4DF7-AE19-369F9A84A434}
	EndProjectSection
EndProject
Project("{8BC9CEB8-8B4A-11D0-8D11-00A0C91BC942}") = "ZERO_CHECK", "..\ZERO_CHECK.vcxproj", "{ED5E2005-9692-4DF7-AE19-369F9A84A434}"
	ProjectSection(ProjectDependencies) = postProject
	EndProjectSection
EndProject
Project("{8BC9CEB8-8B4A-11D0-8D11-00A0C91BC942}") = "osgQtQuick", "..\osgQtQuick\osgQtQuick.vcxproj", "{B12AFBC1-A268-4702-8EB1-9C2BEE53AE84}"
	ProjectSection(ProjectDependencies) = postProject
		{ED5E2005-9692-4DF7-AE19-369F9A84A434} = {ED5E2005-9692-4DF7-AE19-369F9A84A434}
	EndProjectSection
EndProject
Global
	GlobalSection(SolutionConfigurationPlatforms) = preSolution
		Debug|x64 = Debug|x64
		Release|x64 = Release|x64
		MinSizeRel|x64 = MinSizeRel|x64
		RelWithDebInfo|x64 = RelWithDebInfo|x64
	EndGlobalSection
	GlobalSection(ProjectConfigurationPlatforms) = postSolution
		{1EF03ED4-CD3F-4CF1-AA67-61725F866CC3}.Debug|x64.ActiveCfg = Debug|x64
		{1EF03ED4-CD3F-4CF1-AA67-61725F866CC3}.Debug|x64.Build.0 = Debug|x64
		{1EF03ED4-CD3F-4CF1-AA67-61725F866CC3}.Release|x64.ActiveCfg = Release|x64
		{1EF03ED4-CD3F-4CF1-AA67-61725F866CC3}.Release|x64.Build.0 = Release|x64
		{1EF03ED4-CD3F-4CF1-AA67-61725F866CC3}.MinSizeRel|x64.ActiveCfg = MinSizeRel|x64
		{1EF03ED4-CD3F-4CF1-AA67-61725F866CC3}.MinSizeRel|x64.Build.0 = MinSizeRel|x64
		{1EF03ED4-CD3F-4CF1-AA67-61725F866CC3}.RelWithDebInfo|x64.ActiveCfg = RelWithDebInfo|x64
		{1EF03ED4-CD3F-4CF1-AA67-61725F866CC3}.RelWithDebInfo|x64.Build.0 = RelWithDebInfo|x64
		{9A5F2EF6-97A4-4FD7-9F91-2EAB001EC1FC}.Debug|x64.ActiveCfg = Debug|x64
		{9A5F2EF6-97A4-4FD7-9F91-2EAB001EC1FC}.Debug|x64.Build.0 = Debug|x64
		{9A5F2EF6-97A4-4FD7-9F91-2EAB001EC1FC}.Release|x64.ActiveCfg = Release|x64
		{9A5F2EF6-97A4-4FD7-9F91-2EAB001EC1FC}.Release|x64.Build.0 = Release|x64
		{9A5F2EF6-97A4-4FD7-9F91-2EAB001EC1FC}.MinSizeRel|x64.ActiveCfg = MinSizeRel|x64
		{9A5F2EF6-97A4-4FD7-9F91-2EAB001EC1FC}.MinSizeRel|x64.Build.0 = MinSizeRel|x64
		{9A5F2EF6-97A4-4FD7-9F91-2EAB001EC1FC}.RelWithDebInfo|x64.ActiveCfg = RelWithDebInfo|x64
		{9A5F2EF6-97A4-4FD7-9F91-2EAB001EC1FC}.RelWithDebInfo|x64.Build.0 = RelWithDebInfo|x64
		{07B5B3D7-2372-43FD-8FA0-F1686A6EBBAE}.Debug|x64.ActiveCfg = Debug|x64
		{07B5B3D7-2372-43FD-8FA0-F1686A6EBBAE}.Release|x64.ActiveCfg = Release|x64
		{07B5B3D7-2372-43FD-8FA0-F1686A6EBBAE}.MinSizeRel|x64.ActiveCfg = MinSizeRel|x64
		{07B5B3D7-2372-43FD-8FA0-F1686A6EBBAE}.RelWithDebInfo|x64.ActiveCfg = RelWithDebInfo|x64
		{10A3B0E4-4686-4C78-ACBB-DAC8E7FAEAF1}.Debug|x64.ActiveCfg = Debug|x64
		{10A3B0E4-4686-4C78-ACBB-DAC8E7FAEAF1}.Debug|x64.Build.0 = Debug|x64
		{10A3B0E4-4686-4C78-ACBB-DAC8E7FAEAF1}.Release|x64.ActiveCfg = Release|x64
		{10A3B0E4-4686-4C78-ACBB-DAC8E7FAEAF1}.Release|x64.Build.0 = Release|x64
		{10A3B0E4-4686-4C78-ACBB-DAC8E7FAEAF1}.MinSizeRel|x64.ActiveCfg = MinSizeRel|x64
		{10A3B0E4-4686-4C78-ACBB-DAC8E7FAEAF1}.MinSizeRel|x64.Build.0 = MinSizeRel|x64
		{10A3B0E4-4686-4C78-ACBB-DAC8E7FAEAF1}.RelWithDebInfo|x64.ActiveCfg = RelWithDebInfo|x64
		{10A3B0E4-4686-4C78-ACBB-DAC8E7FAEAF1}.RelWithDebInfo|x64.Build.0 = RelWithDebInfo|x64
		{4EC12F5E-C8CE-4C58-89C8-A0C440FD9C4B}.Debug|x64.ActiveCfg = Debug|x64
		{4EC12F5E-C8CE-4C58-89C8-A0C440FD9C4B}.Debug|x64.Build.0 = Debug|x64
		{4EC12F5E-C8CE-4C58-89C8-A0C440FD9C4B}.Release|x64.ActiveCfg = Release|x64
		{4EC12F5E-C8CE-4C58-89C8-A0C440FD9C4B}.Release|x64.Build.0 = Release|x64
		{4EC12F5E-C8CE-4C58-89C8-A0C440FD9C4B}.MinSizeRel|x64.ActiveCfg = MinSizeRel|x64
		{4EC12F5E-C8CE-4C58-89C8-A0C440FD9C4B}.MinSizeRel|x64.Build.0 = MinSizeRel|x64
		{4EC12F5E-C8CE-4C58-89C8-A0C440FD9C4B}.RelWithDebInfo|x64.ActiveCfg = RelWithDebInfo|x64
		{4EC12F5E-C8CE-4C58-89C8-A0C440FD9C4B}.RelWithDebInfo|x64.Build.0 = RelWithDebInfo|x64
		{1C801E10-85DC-466D-9F26-8066E4CBEB48}.Debug|x64.ActiveCfg = Debug|x64
		{1C801E10-85DC-466D-9F26-8066E4CBEB48}.Debug|x64.Build.0 = Debug|x64
		{1C801E10-85DC-466D-9F26-8066E4CBEB48}.Release|x64.ActiveCfg = Release|x64
		{1C801E10-85DC-466D-9F26-8066E4CBEB48}.Release|x64.Build.0 = Release|x64
		{1C801E10-85DC-466D-9F26-8066E4CBEB48}.MinSizeRel|x64.ActiveCfg = MinSizeRel|x64
		{1C801E10-85DC-466D-9F26-8066E4CBEB48}.MinSizeRel|x64.Build.0 = MinSizeRel|x64
		{1C801E10-85DC-466D-9F26-8066E4CBEB48}.RelWithDebInfo|x64.ActiveCfg = RelWithDebInfo|x64
		{1C801E10-85DC-466D-9F26-8066E4CBEB48}.RelWithDebInfo|x64.Build.0 = RelWithDebInfo|x64
		{C06BB786-663F-4B4D-864A-093C4C89E2FF}.Debug|x64.ActiveCfg = Debug|x64
		{C06BB786-663F-4B4D-864A-093C4C89E2FF}.Debug|x64.Build.0 = Debug|x64
		{C06BB786-663F-4B4D-864A-093C4C89E2FF}.Release|x64.ActiveCfg = Release|x64
		{C06BB786-663F-4B4D-864A-093C4C89E2FF}.Release|x64.Build.0 = Release|x64
		{C06BB786-663F-4B4D-864A-093C4C89E2FF}.MinSizeRel|x64.ActiveCfg = MinSizeRel|x64
		{C06BB786-663F-4B4D-864A-093C4C89E2FF}.MinSizeRel|x64.Build.0 = MinSizeRel|x64
		{C06BB786-663F-4B4D-864A-093C4C89E2FF}.RelWithDebInfo|x64.ActiveCfg = RelWithDebInfo|x64
		{C06BB786-663F-4B4D-864A-093C4C89E2FF}.RelWithDebInfo|x64.Build.0 = RelWithDebInfo|x64
		{ED5E2005-9692-4DF7-AE19-369F9A84A434}.Debug|x64.ActiveCfg = Debug|x64
		{ED5E2005-9692-4DF7-AE19-369F9A84A434}.Debug|x64.Build.0 = Debug|x64
		{ED5E2005-9692-4DF7-AE19-369F9A84A434}.Release|x64.ActiveCfg = Release|x64
		{ED5E2005-9692-4DF7-AE19-369F9A84A434}.Release|x64.Build.0 = Release|x64
		{ED5E2005-9692-4DF7-AE19-369F9A84A434}.MinSizeRel|x64.ActiveCfg = MinSizeRel|x64
		{ED5E2005-9692-4DF7-AE19-369F9A84A434}.MinSizeRel|x64.Build.0 = MinSizeRel|x64
		{ED5E2005-9692-4DF7-AE19-369F9A84A434}.RelWithDebInfo|x64.ActiveCfg = RelWithDebInfo|x64
		{ED5E2005-9692-4DF7-AE19-369F9A84A434}.RelWithDebInfo|x64.Build.0 = RelWithDebInfo|x64
		{B12AFBC1-A268-4702-8EB1-9C2BEE53AE84}.Debug|x64.ActiveCfg = Debug|x64
		{B12AFBC1-A268-4702-8EB1-9C2BEE53AE84}.Debug|x64.Build.0 = Debug|x64
		{B12AFBC1-A268-4702-8EB1-9C2BEE53AE84}.Release|x64.ActiveCfg = Release|x64
		{B12AFBC1-A268-4702-8EB1-9C2BEE53AE84}.Release|x64.Build.0 = Release|x64
		{B12AFBC1-A268-4702-8EB1-9C2BEE53AE84}.MinSizeRel|x64.ActiveCfg = MinSizeRel|x64
		{B12AFBC1-A268-4702-8EB1-9C2BEE53AE84}.MinSizeRel|x64.Build.0 = MinSizeRel|x64
		{B12AFBC1-A268-4702-8EB1-9C2BEE53AE84}.RelWithDebInfo|x64.ActiveCfg = RelWithDebInfo|x64
		{B12AFBC1-A268-4702-8EB1-9C2BEE53AE84}.RelWithDebInfo|x64.Build.0 = RelWithDebInfo|x64
	EndGlobalSection
	GlobalSection(ExtensibilityGlobals) = postSolution
	EndGlobalSection
	GlobalSection(ExtensibilityAddIns) = postSolution
	EndGlobalSection
EndGlobal
