<?xml version="1.0" encoding="UTF-8"?>
<Project ToolsVersion="12.0" xmlns="http://schemas.microsoft.com/developer/msbuild/2003">
  <ItemGroup>
    <CustomBuild Include="D:\SRC\PMOC\CMakeFiles\0ae0e5663c04ba472082948878fa5d8e\INSTALL_force.rule">
      <Filter>CMake Rules</Filter>
    </CustomBuild>
  </ItemGroup>
  <ItemGroup>
    <Filter Include="CMake Rules">
      <UniqueIdentifier>{8352984A-0ADF-3AF0-8DBF-9AB5223619B6}</UniqueIdentifier>
    </Filter>
  </ItemGroup>
</Project>
