Microsoft Visual Studio Solution File, Format Version 12.00
# Visual Studio 2013
Project("{8BC9CEB8-8B4A-11D0-8D11-00A0C91BC942}") = "ALL_BUILD", "ALL_BUILD.vcxproj", "{6E0C16DB-1442-3570-BA3A-1644F131227E}"
	ProjectSection(ProjectDependencies) = postProject
		{2E9FD857-E167-391E-9239-2A741E751996} = {2E9FD857-E167-391E-9239-2A741E751996}
	EndProjectSection
EndProject
Project("{8BC9CEB8-8B4A-11D0-8D11-00A0C91BC942}") = "INSTALL", "INSTALL.vcxproj", "{59C6541A-710A-3063-BFE0-D37DC623788D}"
	ProjectSection(ProjectDependencies) = postProject
		{6E0C16DB-1442-3570-BA3A-1644F131227E} = {6E0C16DB-1442-3570-BA3A-1644F131227E}
	EndProjectSection
EndProject
Project("{8BC9CEB8-8B4A-11D0-8D11-00A0C91BC942}") = "MetaQQuickLibraryLib", "..\MetaQMLInterfaceLib\MetaQQuickLibraryLib.vcxproj", "{E8CF562F-6B1C-3255-9471-9DDA9934468B}"
	ProjectSection(ProjectDependencies) = postProject
		{94CC014D-88A1-3608-88EB-FD1A6FDFE27B} = {94CC014D-88A1-3608-88EB-FD1A6FDFE27B}
	EndProjectSection
EndProject
Project("{8BC9CEB8-8B4A-11D0-8D11-00A0C91BC942}") = "ZERO_CHECK", "..\\ZERO_CHECK.vcxproj", "{94CC014D-88A1-3608-88EB-FD1A6FDFE27B}"
	ProjectSection(ProjectDependencies) = postProject
	EndProjectSection
EndProject
Project("{8BC9CEB8-8B4A-11D0-8D11-00A0C91BC942}") = "osgGraphicalEditor", "osgGraphicalEditor.vcxproj", "{2E9FD857-E167-391E-9239-2A741E751996}"
	ProjectSection(ProjectDependencies) = postProject
		{E8CF562F-6B1C-3255-9471-9DDA9934468B} = {E8CF562F-6B1C-3255-9471-9DDA9934468B}
		{94CC014D-88A1-3608-88EB-FD1A6FDFE27B} = {94CC014D-88A1-3608-88EB-FD1A6FDFE27B}
		{4616F2D6-4228-3B0B-A925-EB61038CD064} = {4616F2D6-4228-3B0B-A925-EB61038CD064}
	EndProjectSection
EndProject
Project("{8BC9CEB8-8B4A-11D0-8D11-00A0C91BC942}") = "osgQtQuick", "..\osgQtQuick\osgQtQuick.vcxproj", "{4616F2D6-4228-3B0B-A925-EB61038CD064}"
	ProjectSection(ProjectDependencies) = postProject
		{94CC014D-88A1-3608-88EB-FD1A6FDFE27B} = {94CC014D-88A1-3608-88EB-FD1A6FDFE27B}
	EndProjectSection
EndProject
Global
	GlobalSection(SolutionConfigurationPlatforms) = preSolution
		Debug|x64 = Debug|x64
		Release|x64 = Release|x64
		MinSizeRel|x64 = MinSizeRel|x64
		RelWithDebInfo|x64 = RelWithDebInfo|x64
	EndGlobalSection
	GlobalSection(ProjectConfigurationPlatforms) = postSolution
		{6E0C16DB-1442-3570-BA3A-1644F131227E}.Debug|x64.ActiveCfg = Debug|x64
		{6E0C16DB-1442-3570-BA3A-1644F131227E}.Debug|x64.Build.0 = Debug|x64
		{6E0C16DB-1442-3570-BA3A-1644F131227E}.Release|x64.ActiveCfg = Release|x64
		{6E0C16DB-1442-3570-BA3A-1644F131227E}.Release|x64.Build.0 = Release|x64
		{6E0C16DB-1442-3570-BA3A-1644F131227E}.MinSizeRel|x64.ActiveCfg = MinSizeRel|x64
		{6E0C16DB-1442-3570-BA3A-1644F131227E}.MinSizeRel|x64.Build.0 = MinSizeRel|x64
		{6E0C16DB-1442-3570-BA3A-1644F131227E}.RelWithDebInfo|x64.ActiveCfg = RelWithDebInfo|x64
		{6E0C16DB-1442-3570-BA3A-1644F131227E}.RelWithDebInfo|x64.Build.0 = RelWithDebInfo|x64
		{59C6541A-710A-3063-BFE0-D37DC623788D}.Debug|x64.ActiveCfg = Debug|x64
		{59C6541A-710A-3063-BFE0-D37DC623788D}.Release|x64.ActiveCfg = Release|x64
		{59C6541A-710A-3063-BFE0-D37DC623788D}.MinSizeRel|x64.ActiveCfg = MinSizeRel|x64
		{59C6541A-710A-3063-BFE0-D37DC623788D}.RelWithDebInfo|x64.ActiveCfg = RelWithDebInfo|x64
		{E8CF562F-6B1C-3255-9471-9DDA9934468B}.Debug|x64.ActiveCfg = Debug|x64
		{E8CF562F-6B1C-3255-9471-9DDA9934468B}.Debug|x64.Build.0 = Debug|x64
		{E8CF562F-6B1C-3255-9471-9DDA9934468B}.Release|x64.ActiveCfg = Release|x64
		{E8CF562F-6B1C-3255-9471-9DDA9934468B}.Release|x64.Build.0 = Release|x64
		{E8CF562F-6B1C-3255-9471-9DDA9934468B}.MinSizeRel|x64.ActiveCfg = MinSizeRel|x64
		{E8CF562F-6B1C-3255-9471-9DDA9934468B}.MinSizeRel|x64.Build.0 = MinSizeRel|x64
		{E8CF562F-6B1C-3255-9471-9DDA9934468B}.RelWithDebInfo|x64.ActiveCfg = RelWithDebInfo|x64
		{E8CF562F-6B1C-3255-9471-9DDA9934468B}.RelWithDebInfo|x64.Build.0 = RelWithDebInfo|x64
		{94CC014D-88A1-3608-88EB-FD1A6FDFE27B}.Debug|x64.ActiveCfg = Debug|x64
		{94CC014D-88A1-3608-88EB-FD1A6FDFE27B}.Debug|x64.Build.0 = Debug|x64
		{94CC014D-88A1-3608-88EB-FD1A6FDFE27B}.Release|x64.ActiveCfg = Release|x64
		{94CC014D-88A1-3608-88EB-FD1A6FDFE27B}.Release|x64.Build.0 = Release|x64
		{94CC014D-88A1-3608-88EB-FD1A6FDFE27B}.MinSizeRel|x64.ActiveCfg = MinSizeRel|x64
		{94CC014D-88A1-3608-88EB-FD1A6FDFE27B}.MinSizeRel|x64.Build.0 = MinSizeRel|x64
		{94CC014D-88A1-3608-88EB-FD1A6FDFE27B}.RelWithDebInfo|x64.ActiveCfg = RelWithDebInfo|x64
		{94CC014D-88A1-3608-88EB-FD1A6FDFE27B}.RelWithDebInfo|x64.Build.0 = RelWithDebInfo|x64
		{2E9FD857-E167-391E-9239-2A741E751996}.Debug|x64.ActiveCfg = Debug|x64
		{2E9FD857-E167-391E-9239-2A741E751996}.Debug|x64.Build.0 = Debug|x64
		{2E9FD857-E167-391E-9239-2A741E751996}.Release|x64.ActiveCfg = Release|x64
		{2E9FD857-E167-391E-9239-2A741E751996}.Release|x64.Build.0 = Release|x64
		{2E9FD857-E167-391E-9239-2A741E751996}.MinSizeRel|x64.ActiveCfg = MinSizeRel|x64
		{2E9FD857-E167-391E-9239-2A741E751996}.MinSizeRel|x64.Build.0 = MinSizeRel|x64
		{2E9FD857-E167-391E-9239-2A741E751996}.RelWithDebInfo|x64.ActiveCfg = RelWithDebInfo|x64
		{2E9FD857-E167-391E-9239-2A741E751996}.RelWithDebInfo|x64.Build.0 = RelWithDebInfo|x64
		{4616F2D6-4228-3B0B-A925-EB61038CD064}.Debug|x64.ActiveCfg = Debug|x64
		{4616F2D6-4228-3B0B-A925-EB61038CD064}.Debug|x64.Build.0 = Debug|x64
		{4616F2D6-4228-3B0B-A925-EB61038CD064}.Release|x64.ActiveCfg = Release|x64
		{4616F2D6-4228-3B0B-A925-EB61038CD064}.Release|x64.Build.0 = Release|x64
		{4616F2D6-4228-3B0B-A925-EB61038CD064}.MinSizeRel|x64.ActiveCfg = MinSizeRel|x64
		{4616F2D6-4228-3B0B-A925-EB61038CD064}.MinSizeRel|x64.Build.0 = MinSizeRel|x64
		{4616F2D6-4228-3B0B-A925-EB61038CD064}.RelWithDebInfo|x64.ActiveCfg = RelWithDebInfo|x64
		{4616F2D6-4228-3B0B-A925-EB61038CD064}.RelWithDebInfo|x64.Build.0 = RelWithDebInfo|x64
	EndGlobalSection
	GlobalSection(ExtensibilityGlobals) = postSolution
	EndGlobalSection
	GlobalSection(ExtensibilityAddIns) = postSolution
	EndGlobalSection
EndGlobal
