<?xml version="1.0" encoding="UTF-8"?>
<Project ToolsVersion="12.0" xmlns="http://schemas.microsoft.com/developer/msbuild/2003">
  <ItemGroup>
    <ClCompile Include="D:\SRC\osg4noobGIT\osgGraphicalEditor\osgQtWindowing\mainwindow.cpp">
      <Filter>Source Files</Filter>
    </ClCompile>
    <ClCompile Include="D:\SRC\osg4noobGIT\osgGraphicalEditor\osgQtWindowing\QtToOSGView.cpp">
      <Filter>Source Files</Filter>
    </ClCompile>
    <ClCompile Include="D:\SRC\osg4noobGIT\osgGraphicalEditor\UIEditorMAIN.cpp">
      <Filter>Source Files</Filter>
    </ClCompile>
    <ClCompile Include="D:\SRC\osg4noobGIT\osgGraphicalEditor\UIEditor.cpp">
      <Filter>Source Files</Filter>
    </ClCompile>
    <ClCompile Include="D:\SRC\osg4noobGIT\osgGraphicalEditor\baseqwindow.cpp">
      <Filter>Source Files</Filter>
    </ClCompile>
    <ClCompile Include="D:\SRC\osg4noobGIT\osgGraphicalEditor\TreeNodeModel.cpp">
      <Filter>Source Files</Filter>
    </ClCompile>
    <ClCompile Include="D:\SRC\osg4noobGIT\osgGraphicalEditor\TreeNodeItem.cpp">
      <Filter>Source Files</Filter>
    </ClCompile>
    <ClCompile Include="D:\SRC\osg4noobGIT\osgGraphicalEditor\colorcomponentsplugin\colorcomponents.cpp">
      <Filter>Source Files</Filter>
    </ClCompile>
    <ClCompile Include="D:\SRC\osg4noobGIT\osgGraphicalEditor\moc_baseqwindow.cpp">
      <Filter>Source Files</Filter>
    </ClCompile>
    <ClCompile Include="D:\SRC\osg4noobGIT\osgGraphicalEditor\osgQtWindowing\moc_mainwindow.cpp">
      <Filter>Source Files</Filter>
    </ClCompile>
    <ClCompile Include="D:\SRC\osg4noobGIT\osgGraphicalEditor\osgQtWindowing\moc_QtToOSGView.cpp">
      <Filter>Source Files</Filter>
    </ClCompile>
    <ClCompile Include="D:\SRC\osg4noobGIT\osgGraphicalEditor\moc_UIEditorMAIN.cpp">
      <Filter>Source Files</Filter>
    </ClCompile>
    <ClCompile Include="D:\SRC\osg4noobGIT\osgGraphicalEditor\moc_UIEditor.cpp">
      <Filter>Source Files</Filter>
    </ClCompile>
    <ClCompile Include="D:\SRC\osg4noobGIT\osgGraphicalEditor\moc_TreeNodeModel.cpp">
      <Filter>Source Files</Filter>
    </ClCompile>
    <ClCompile Include="D:\SRC\osg4noobGIT\osgGraphicalEditor\moc_TreeNodeItem.cpp">
      <Filter>Source Files</Filter>
    </ClCompile>
    <ClCompile Include="D:\SRC\osg4noobGIT\osgGraphicalEditor\colorcomponentsplugin\moc_colorcomponents.cpp">
      <Filter>Source Files</Filter>
    </ClCompile>
  </ItemGroup>
  <ItemGroup>
    <ClInclude Include="D:\SRC\osg4noobGIT\osgGraphicalEditor\ui_mainwindow.h">
      <Filter>Header Files</Filter>
    </ClInclude>
  </ItemGroup>
  <ItemGroup>
    <CustomBuild Include="D:\SRC\osg4noobGIT\osgGraphicalEditor\CMakeLists.txt" />
    <CustomBuild Include="D:\SRC\osg4noobGIT\osgGraphicalEditor\mainwindow.ui" />
    <CustomBuild Include="D:\SRC\osg4noobGIT\CMakeFiles\62f5be5bb20361375451d294807adaf2\moc_baseqwindow.cpp.rule">
      <Filter>CMake Rules</Filter>
    </CustomBuild>
    <CustomBuild Include="D:\SRC\osg4noobGIT\CMakeFiles\5fe9118bcf18f05d3a5059b609da035e\moc_mainwindow.cpp.rule">
      <Filter>CMake Rules</Filter>
    </CustomBuild>
    <CustomBuild Include="D:\SRC\osg4noobGIT\CMakeFiles\5fe9118bcf18f05d3a5059b609da035e\moc_QtToOSGView.cpp.rule">
      <Filter>CMake Rules</Filter>
    </CustomBuild>
    <CustomBuild Include="D:\SRC\osg4noobGIT\CMakeFiles\62f5be5bb20361375451d294807adaf2\moc_UIEditorMAIN.cpp.rule">
      <Filter>CMake Rules</Filter>
    </CustomBuild>
    <CustomBuild Include="D:\SRC\osg4noobGIT\CMakeFiles\62f5be5bb20361375451d294807adaf2\moc_UIEditor.cpp.rule">
      <Filter>CMake Rules</Filter>
    </CustomBuild>
    <CustomBuild Include="D:\SRC\osg4noobGIT\CMakeFiles\62f5be5bb20361375451d294807adaf2\moc_TreeNodeModel.cpp.rule">
      <Filter>CMake Rules</Filter>
    </CustomBuild>
    <CustomBuild Include="D:\SRC\osg4noobGIT\CMakeFiles\62f5be5bb20361375451d294807adaf2\moc_TreeNodeItem.cpp.rule">
      <Filter>CMake Rules</Filter>
    </CustomBuild>
    <CustomBuild Include="D:\SRC\osg4noobGIT\CMakeFiles\78f22d4c989bf2fa8c54d75dbd944052\moc_colorcomponents.cpp.rule">
      <Filter>CMake Rules</Filter>
    </CustomBuild>
  </ItemGroup>
  <ItemGroup>
    <Filter Include="Source Files">
      <UniqueIdentifier>{A6EDA404-00AF-35B9-96EC-0370BEDECED3}</UniqueIdentifier>
    </Filter>
    <Filter Include="Header Files">
      <UniqueIdentifier>{C2CC458A-5B89-347D-BC77-2A8AC0E65ED4}</UniqueIdentifier>
    </Filter>
    <Filter Include="CMake Rules">
      <UniqueIdentifier>{B5A76AE7-C2B4-3DF0-B492-78199B4076C7}</UniqueIdentifier>
    </Filter>
  </ItemGroup>
</Project>
